hash: dedf7baa287c628f13317ff372b459a5d1621fce23829aed96a07d3a4e0ff0d9
updated: 2018-08-03T04:47:30.660532373-04:00
imports:
- name: github.com/360EntSecGroup-Skylar/excelize
  version: eb62256d165607c6877ce88efbba10c119137b3d
- name: github.com/admpub/mail
  version: d63147b0317bf02b0092e9371d09abfcbc3b2b8c
- name: github.com/andybalholm/cascadia
  version: 901648c87902174f774fac311d7f176f8647bdaa
- name: github.com/antchfx/htmlquery
  version: d0044020e702a9e547420f403bddf4ee1673ac3f
- name: github.com/antchfx/xpath
  version: 7148e5d6bb845772731e3979df279a1b0e8e90ac
- name: github.com/antchfx/xquery
  version: ad5b8c7a47b007a1cdaf6616ece1f71e94c189a6
  subpackages:
  - html
- name: github.com/axgle/mahonia
  version: 3358181d7394e26beccfae0ffde05193ef3be33a
- name: github.com/benbjohnson/phantomjs
  version: 1b81734f7877b51cadd82ee32663ae88f630469c
- name: github.com/BurntSushi/toml
  version: b26d9c308763d68093482582cea63d69be07a0f0
- name: github.com/chromedp/cdproto
  version: 2df4c50ff9773a4e4134e27662a2d59416651748
  subpackages:
  - accessibility
  - animation
  - applicationcache
  - audits
  - browser
  - cachestorage
  - cdp
  - css
  - database
  - debugger
  - deviceorientation
  - dom
  - domdebugger
  - domsnapshot
  - domstorage
  - emulation
  - headlessexperimental
  - heapprofiler
  - indexeddb
  - input
  - inspector
  - io
  - layertree
  - log
  - memory
  - network
  - overlay
  - page
  - performance
  - profiler
  - runtime
  - security
  - serviceworker
  - storage
  - systeminfo
  - target
  - tethering
  - tracing
- name: github.com/chromedp/chromedp
  version: 34591780d9d429c470ccf81a2760c40245fc823a
  subpackages:
  - client
  - kb
  - runner
- name: github.com/dgrijalva/jwt-go
  version: 06ea1031745cb8b3dab3f6a236daf2b0aa468b7e
- name: github.com/disintegration/imaging
  version: bbcee2f5c9d5e94ca42c8b50ec847fec64a6c134
- name: github.com/francoispqt/gojay
  version: 378ef0d1529c71e8c57f99691830b18824ad487f
- name: github.com/francoispqt/onelog
  version: b50beb1767ddda57d7e0e2f2cf8a8f9b65e91ccf
- name: github.com/go-sql-driver/mysql
  version: d523deb1b23d913de5bdada721a6071e71283618
- name: github.com/gorilla/websocket
  version: ea4d1f681babbce9545c9c5f3d5194a789c89f5b
- name: github.com/jmoiron/sqlx
  version: 0dae4fefe7c0e190f7b5a78dac28a1c82cc8d849
  subpackages:
  - reflectx
- name: github.com/jordan-wright/email
  version: 94ae17dedda217a49e3b47d68f1b54b3c946e16b
- name: github.com/knq/sysutil
  version: 0218e141a794643e8c0fa283b9cd076fc0df662d
- name: github.com/labstack/echo
  version: 6d227dfea4d2e52cb76856120b3c17f758139b4e
  subpackages:
  - middleware
- name: github.com/labstack/gommon
  version: 0a22a0df01a7c84944c607e8a6e91cfe421ea7ed
  subpackages:
  - bytes
  - color
  - log
  - random
- name: github.com/mailru/easyjson
  version: efc7eb8984d6655c26b5c9d2e65c024e5767c37c
  subpackages:
  - buffer
  - jlexer
  - jwriter
- name: github.com/mattn/go-colorable
  version: efa589957cd060542a26d2dd7832fd6a6c6c3ade
- name: github.com/mattn/go-isatty
  version: 6ca4dbf54d38eea1a992b3c722a76a5d1c4cb25c
- name: github.com/PuerkitoBio/goquery
  version: dc2ec5c7ca4d9aae063b79b9f581dd3ea6afd2b2
- name: github.com/sirupsen/logrus
  version: 3e01752db0189b9157070a0e1668a620f9a85da2
- name: github.com/tealeg/xlsx
  version: 8be35264fa75a1bbe954ce51eba04f273e2c59e5
- name: github.com/urfave/cli
  version: cfb38830724cc34fedffe9a2a29fb54fa9169cd1
- name: github.com/valyala/bytebufferpool
  version: e746df99fe4a3986f4d4f79e13c1e0117ce9c2f7
- name: github.com/valyala/fasttemplate
  version: dcecefd839c4193db0d35b88ec65b4c12d360ab0
- name: go.uber.org/atomic
  version: 1ea20fb1cbb1cc08cbd0d913a96dead89aa18289
- name: go.uber.org/multierr
  version: 3c4937480c32f4c13a875a1829af76c98ca3d40a
- name: go.uber.org/zap
  version: 4d45f9617f7d90f7a663ff21c7a4321dbe78098b
  subpackages:
  - buffer
  - internal/bufferpool
  - internal/color
  - internal/exit
  - zapcore
- name: golang.org/x/crypto
  version: 1a580b3eff7814fc9b40602fd35256c63b50f491
  subpackages:
  - acme
  - acme/autocert
  - ssh/terminal
- name: golang.org/x/image
  version: c73c2afc3b812cdd6385de5a50616511c4a3d458
  subpackages:
  - bmp
  - tiff
  - tiff/lzw
- name: golang.org/x/net
  version: 2491c5de3490fced2f6cff376127c667efeed857
  subpackages:
  - html
  - html/atom
  - html/charset
- name: golang.org/x/sys
  version: 7c87d13f8e835d2fb3a70a2912c811ed0c1d241b
  subpackages:
  - unix
  - windows
- name: golang.org/x/text
  version: 5c1cf69b5978e5a34c5f9ba09a83e56acc4b7877
  subpackages:
  - encoding
  - encoding/charmap
  - encoding/htmlindex
  - encoding/internal
  - encoding/internal/identifier
  - encoding/japanese
  - encoding/korean
  - encoding/simplifiedchinese
  - encoding/traditionalchinese
  - encoding/unicode
  - internal/language
  - internal/language/compact
  - internal/tag
  - internal/utf8internal
  - language
  - runes
  - transform
- name: google.golang.org/appengine
  version: b1f26356af11148e710935ed1ac8a7f5702c7612
  subpackages:
  - cloudsql
- name: gopkg.in/alexcesaro/quotedprintable.v3
  version: 2caba252f4dc53eaf6b553000885530023f54623
- name: gopkg.in/gomail.v2
  version: 81ebce5c23dfd25c6c67194b37d3dd3f338c98b1
- name: gopkg.in/mgo.v2
  version: 3f83fa5005286a7fe593b055f0d7771a7dce4655
  subpackages:
  - bson
  - internal/json
  - internal/sasl
  - internal/scram
testImports: []
