# This file is autogenerated, do not edit; changes may be undone by the next 'dep ensure'.


[[projects]]
  branch = "master"
  name = "github.com/axgle/mahonia"
  packages = ["."]
  revision = "0c44128a83abf861873f8f4ec81fe58ff1cf6ea4"

[solve-meta]
  analyzer-name = "dep"
  analyzer-version = 1
  inputs-digest = "0f091e66c3437c68ef793d27e44888e2151808510965643e3bf86a36406ce922"
  solver-name = "gps-cdcl"
  solver-version = 1
